
Microsoft Visual Studio Solution File, Format Version 12.00
# Visual Studio 15
VisualStudioVersion = 15.0.27428.2002
MinimumVisualStudioVersion = 10.0.40219.1
Project("{FAE04EC0-301F-11D3-BF4B-00C04F79EFBC}") = "WordSwapper", "WordSwapper\WordSwapper.csproj", "{DFBF8914-120B-437C-9197-0FB5891055E1}"
EndProject
Global
	GlobalSection(SolutionConfigurationPlatforms) = preSolution
		Debug|Any CPU = Debug|Any CPU
		Release|Any CPU = Release|Any CPU
	EndGlobalSection
	GlobalSection(ProjectConfigurationPlatforms) = postSolution
		{DFBF8914-120B-437C-9197-0FB5891055E1}.Debug|Any CPU.ActiveCfg = Debug|Any CPU
		{DFBF8914-120B-437C-9197-0FB5891055E1}.Debug|Any CPU.Build.0 = Debug|Any CPU
		{DFBF8914-120B-437C-9197-0FB5891055E1}.Release|Any CPU.ActiveCfg = Release|Any CPU
		{DFBF8914-120B-437C-9197-0FB5891055E1}.Release|Any CPU.Build.0 = Release|Any CPU
	EndGlobalSection
	GlobalSection(SolutionProperties) = preSolution
		HideSolutionNode = FALSE
	EndGlobalSection
	GlobalSection(ExtensibilityGlobals) = postSolution
		SolutionGuid = {C5C2D7EA-7245-47BE-A567-DE5FB7AA0E85}
	EndGlobalSection
EndGlobal
